{
  "name": "population-simulation-web",
  "lockfileVersion": 2,
  "requires": true,
  "packages": {
    "": {
      "dependencies": {
        "population-simulation": "^1.0.2"
      }
    },
    "node_modules/population-simulation": {
      "version": "1.0.2",
      "resolved": "https://registry.npmjs.org/population-simulation/-/population-simulation-1.0.2.tgz",
      "integrity": "sha512-SJg6daYqXizePYvHefmaUVl62AKAL71EJgnrwxDQriwSo1DweGxIT703xjrVpudlMrKvmPqryxFLS3QdmP+E0w=="
    }
  },
  "dependencies": {
    "population-simulation": {
      "version": "1.0.2",
      "resolved": "https://registry.npmjs.org/population-simulation/-/population-simulation-1.0.2.tgz",
      "integrity": "sha512-SJg6daYqXizePYvHefmaUVl62AKAL71EJgnrwxDQriwSo1DweGxIT703xjrVpudlMrKvmPqryxFLS3QdmP+E0w=="
    }
  }
}
