{
  "name": "population-simulation-web",
  "lockfileVersion": 2,
  "requires": true,
  "packages": {
    "": {
      "dependencies": {
        "population-simulation": "^1.0.6"
      }
    },
    "node_modules/population-simulation": {
      "version": "1.0.6",
      "resolved": "https://registry.npmjs.org/population-simulation/-/population-simulation-1.0.6.tgz",
      "integrity": "sha512-FoRKx/Bp36YSfj4vIRYLxOv2SMWuIDhVSIpBxGI9f6gVRYk0vUg5QNS3iwPpj0KUcari2wxDOsP2H41HLYXeQw=="
    }
  },
  "dependencies": {
    "population-simulation": {
      "version": "1.0.6",
      "resolved": "https://registry.npmjs.org/population-simulation/-/population-simulation-1.0.6.tgz",
      "integrity": "sha512-FoRKx/Bp36YSfj4vIRYLxOv2SMWuIDhVSIpBxGI9f6gVRYk0vUg5QNS3iwPpj0KUcari2wxDOsP2H41HLYXeQw=="
    }
  }
}
