{
  "name": "population-simulation-web",
  "lockfileVersion": 2,
  "requires": true,
  "packages": {
    "": {
      "dependencies": {
        "population-simulation": "^1.0.7"
      }
    },
    "node_modules/population-simulation": {
      "version": "1.0.7",
      "resolved": "https://registry.npmjs.org/population-simulation/-/population-simulation-1.0.7.tgz",
      "integrity": "sha512-HJDVIddlwJRUBWcV37uQVrFa0Yy3V3Opj0hn+ImLx6NaA3p+mZwE85Akbk1Y8bXdIjjjW3WD/if8jhLF/l5sZQ=="
    }
  },
  "dependencies": {
    "population-simulation": {
      "version": "1.0.7",
      "resolved": "https://registry.npmjs.org/population-simulation/-/population-simulation-1.0.7.tgz",
      "integrity": "sha512-HJDVIddlwJRUBWcV37uQVrFa0Yy3V3Opj0hn+ImLx6NaA3p+mZwE85Akbk1Y8bXdIjjjW3WD/if8jhLF/l5sZQ=="
    }
  }
}
